Microsoft Visual Studio Solution File, Format Version 12.00
# Visual Studio Version 17
VisualStudioVersion = 17.5.2.0
MinimumVisualStudioVersion = 10.0.40219.1
Project("{FAE04EC0-301F-11D3-BF4B-00C04F79EFBC}") = "Course-OOP-Equipment-rental", "Course-OOP-Equipment-rental.csproj", "{AB8A5472-2B68-7AD7-A169-0944618355D7}"
EndProject
Global
	GlobalSection(SolutionConfigurationPlatforms) = preSolution
		Debug|Any CPU = Debug|Any CPU
		Release|Any CPU = Release|Any CPU
	EndGlobalSection
	GlobalSection(ProjectConfigurationPlatforms) = postSolution
		{AB8A5472-2B68-7AD7-A169-0944618355D7}.Debug|Any CPU.ActiveCfg = Debug|Any CPU
		{AB8A5472-2B68-7AD7-A169-0944618355D7}.Debug|Any CPU.Build.0 = Debug|Any CPU
		{AB8A5472-2B68-7AD7-A169-0944618355D7}.Release|Any CPU.ActiveCfg = Release|Any CPU
		{AB8A5472-2B68-7AD7-A169-0944618355D7}.Release|Any CPU.Build.0 = Release|Any CPU
	EndGlobalSection
	GlobalSection(SolutionProperties) = preSolution
		HideSolutionNode = FALSE
	EndGlobalSection
	GlobalSection(ExtensibilityGlobals) = postSolution
		SolutionGuid = {7D034227-FD11-4C49-A24D-5A6CF47DCA8A}
	EndGlobalSection
EndGlobal
